
Microsoft Visual Studio Solution File, Format Version 12.00
# Visual Studio Version 16
VisualStudioVersion = 16.0.32002.261
MinimumVisualStudioVersion = 10.0.40219.1
Project("{FAE04EC0-301F-11D3-BF4B-00C04F79EFBC}") = "Demo_OO_01", "Demo_OO_01\Demo_OO_01.csproj", "{7B0B63A8-2D78-49D9-8F05-AA3BDB8E2A0E}"
EndProject
Global
	GlobalSection(SolutionConfigurationPlatforms) = preSolution
		Debug|Any CPU = Debug|Any CPU
		Release|Any CPU = Release|Any CPU
	EndGlobalSection
	GlobalSection(ProjectConfigurationPlatforms) = postSolution
		{7B0B63A8-2D78-49D9-8F05-AA3BDB8E2A0E}.Debug|Any CPU.ActiveCfg = Debug|Any CPU
		{7B0B63A8-2D78-49D9-8F05-AA3BDB8E2A0E}.Debug|Any CPU.Build.0 = Debug|Any CPU
		{7B0B63A8-2D78-49D9-8F05-AA3BDB8E2A0E}.Release|Any CPU.ActiveCfg = Release|Any CPU
		{7B0B63A8-2D78-49D9-8F05-AA3BDB8E2A0E}.Release|Any CPU.Build.0 = Release|Any CPU
	EndGlobalSection
	GlobalSection(SolutionProperties) = preSolution
		HideSolutionNode = FALSE
	EndGlobalSection
	GlobalSection(ExtensibilityGlobals) = postSolution
		SolutionGuid = {D33A9A1A-6861-47AB-9128-1FC17ACF55D3}
	EndGlobalSection
EndGlobal
